// !$*UTF8*$!
{
	archiveVersion = 1;
	classes = {
	};
	objectVersion = 56;
	objects = {

/* Begin PBXBuildFile section */
		BBBBBBBBBBBBBBBBBBBBBBBB /* GharApp.swift in Sources */ = {isa = PBXBuildFile; fileRef = 777777777777777777777777 /* GharApp.swift */; };
		CCCCCCCCCCCCCCCCCCCCCCCC /* ContentView.swift in Sources */ = {isa = PBXBuildFile; fileRef = 888888888888888888888888 /* ContentView.swift */; };
		DDDDDDDDDDDDDDDDDDDDDDDD /* Models.swift in Sources */ = {isa = PBXBuildFile; fileRef = 999999999999999999999999 /* Models.swift */; };
		EEEEEEEEEEEEEEEEEEEEEEEE /* GharAPI.swift in Sources */ = {isa = PBXBuildFile; fileRef = AAAAAAAAAAAAAAAAAAAAAAAA /* GharAPI.swift */; };
		2B2B2B2B2B2B2B2B2B2B2B2B /* Assets.xcassets in Resources */ = {isa = PBXBuildFile; fileRef = 1A1A1A1A1A1A1A1A1A1A1A1A /* Assets.xcassets */; };
/* End PBXBuildFile section */

/* Begin PBXFileReference section */
		666666666666666666666666 /* Ghar.app */ = {isa = PBXFileReference; explicitFileType = wrapper.application; includeInIndex = 0; path = Ghar.app; sourceTree = BUILT_PRODUCTS_DIR; };
		1A1A1A1A1A1A1A1A1A1A1A1A /* Assets.xcassets */ = {isa = PBXFileReference; lastKnownFileType = folder.assetcatalog; path = Assets.xcassets; sourceTree = "<group>"; };
		777777777777777777777777 /* GharApp.swift */ = {isa = PBXFileReference; lastKnownFileType = sourcecode.swift; path = GharApp.swift; sourceTree = "<group>"; };
		888888888888888888888888 /* ContentView.swift */ = {isa = PBXFileReference; lastKnownFileType = sourcecode.swift; path = ContentView.swift; sourceTree = "<group>"; };
		999999999999999999999999 /* Models.swift */ = {isa = PBXFileReference; lastKnownFileType = sourcecode.swift; path = Models.swift; sourceTree = "<group>"; };
		AAAAAAAAAAAAAAAAAAAAAAAA /* GharAPI.swift */ = {isa = PBXFileReference; lastKnownFileType = sourcecode.swift; path = GharAPI.swift; sourceTree = "<group>"; };
/* End PBXFileReference section */

/* Begin PBXFrameworksBuildPhase section */
		121212121212121212121212 /* Frameworks */ = {
			isa = PBXFrameworksBuildPhase;
			buildActionMask = 2147483647;
			files = (
			);
			runOnlyForDeploymentPostprocessing = 0;
		};
/* End PBXFrameworksBuildPhase section */

/* Begin PBXGroup section */
		222222222222222222222222 = {
			isa = PBXGroup;
			children = (
				333333333333333333333333 /* Ghar */,
				444444444444444444444444 /* Products */,
			);
			sourceTree = "<group>";
		};
		333333333333333333333333 /* Ghar */ = {
			isa = PBXGroup;
			children = (
				777777777777777777777777 /* GharApp.swift */,
				888888888888888888888888 /* ContentView.swift */,
				999999999999999999999999 /* Models.swift */,
				AAAAAAAAAAAAAAAAAAAAAAAA /* GharAPI.swift */,
				1A1A1A1A1A1A1A1A1A1A1A1A /* Assets.xcassets */,
			);
			sourceTree = "<group>";
		};
		444444444444444444444444 /* Products */ = {
			isa = PBXGroup;
			children = (
				666666666666666666666666 /* Ghar.app */,
			);
			name = Products;
			sourceTree = "<group>";
		};
/* End PBXGroup section */

/* Begin PBXNativeTarget section */
		555555555555555555555555 /* Ghar */ = {
			isa = PBXNativeTarget;
			buildConfigurationList = 787878787878787878787878 /* Build configuration list for PBXNativeTarget "Ghar" */;
			buildPhases = (
				FFFFFFFFFFFFFFFFFFFFFFFF /* Sources */,
				121212121212121212121212 /* Frameworks */,
				343434343434343434343434 /* Resources */,
			);
			buildRules = (
			);
			dependencies = (
			);
			name = Ghar;
			productName = Ghar;
			productReference = 666666666666666666666666 /* Ghar.app */;
			productType = "com.apple.product-type.application";
		};
/* End PBXNativeTarget section */

/* Begin PBXProject section */
		111111111111111111111111 /* Project object */ = {
			isa = PBXProject;
			buildConfigurationList = 565656565656565656565656 /* Build configuration list for PBXProject "Ghar" */;
			compatibilityVersion = "Xcode 14.0";
			developmentRegion = en;
			hasScannedForEncodings = 0;
			knownRegions = (
				en,
				Base,
			);
			mainGroup = 222222222222222222222222;
			productRefGroup = 444444444444444444444444 /* Products */;
			projectDirPath = "";
			projectRoot = "";
			targets = (
				555555555555555555555555 /* Ghar */,
			);
		};
/* End PBXProject section */

/* Begin PBXResourcesBuildPhase section */
		343434343434343434343434 /* Resources */ = {
			isa = PBXResourcesBuildPhase;
			buildActionMask = 2147483647;
			files = (
				2B2B2B2B2B2B2B2B2B2B2B2B /* Assets.xcassets in Resources */,
			);
			runOnlyForDeploymentPostprocessing = 0;
		};
/* End PBXResourcesBuildPhase section */

/* Begin PBXSourcesBuildPhase section */
		FFFFFFFFFFFFFFFFFFFFFFFF /* Sources */ = {
			isa = PBXSourcesBuildPhase;
			buildActionMask = 2147483647;
			files = (
				BBBBBBBBBBBBBBBBBBBBBBBB /* GharApp.swift in Sources */,
				CCCCCCCCCCCCCCCCCCCCCCCC /* ContentView.swift in Sources */,
				DDDDDDDDDDDDDDDDDDDDDDDD /* Models.swift in Sources */,
				EEEEEEEEEEEEEEEEEEEEEEEE /* GharAPI.swift in Sources */,
			);
			runOnlyForDeploymentPostprocessing = 0;
		};
/* End PBXSourcesBuildPhase section */

/* Begin XCBuildConfiguration section */
		9A9A9A9A9A9A9A9A9A9A9A9A /* Debug */ = {
			isa = XCBuildConfiguration;
			buildSettings = {
				ALWAYS_SEARCH_USER_PATHS = NO;
				CLANG_ANALYZER_NONNULL = YES;
				CLANG_ANALYZER_NUMBER_OBJECT_CONVERSION = YES_AGGRESSIVE;
				CLANG_CXX_LANGUAGE_STANDARD = "gnu++20";
				CLANG_ENABLE_MODULES = YES;
				CLANG_ENABLE_OBJC_ARC = YES;
				COPY_PHASE_STRIP = NO;
				DEBUG_INFORMATION_FORMAT = dwarf;
				ENABLE_STRICT_OBJC_MSGSEND = YES;
				GCC_C_LANGUAGE_STANDARD = gnu17;
				GCC_DYNAMIC_NO_PIC = NO;
				GCC_OPTIMIZATION_LEVEL = 0;
				GCC_PREPROCESSOR_DEFINITIONS = (
					"DEBUG=1",
					"$(inherited)",
				);
				IPHONEOS_DEPLOYMENT_TARGET = 17.0;
				MTL_ENABLE_DEBUG_INFO = INCLUDE_SOURCE;
				MTL_FAST_MATH = YES;
				ONLY_ACTIVE_ARCH = YES;
				SDKROOT = iphoneos;
				SWIFT_ACTIVE_COMPILATION_CONDITIONS = "DEBUG $(inherited)";
				SWIFT_OPTIMIZATION_LEVEL = "-Onone";
			};
			name = Debug;
		};
		BCBCBCBCBCBCBCBCBCBCBCBC /* Release */ = {
			isa = XCBuildConfiguration;
			buildSettings = {
				ALWAYS_SEARCH_USER_PATHS = NO;
				CLANG_ANALYZER_NONNULL = YES;
				CLANG_ANALYZER_NUMBER_OBJECT_CONVERSION = YES_AGGRESSIVE;
				CLANG_CXX_LANGUAGE_STANDARD = "gnu++20";
				CLANG_ENABLE_MODULES = YES;
				CLANG_ENABLE_OBJC_ARC = YES;
				COPY_PHASE_STRIP = YES;
				DEBUG_INFORMATION_FORMAT = "dwarf-with-dsym";
				ENABLE_STRICT_OBJC_MSGSEND = YES;
				GCC_C_LANGUAGE_STANDARD = gnu17;
				GCC_OPTIMIZATION_LEVEL = s;
				IPHONEOS_DEPLOYMENT_TARGET = 17.0;
				MTL_ENABLE_DEBUG_INFO = NO;
				MTL_FAST_MATH = YES;
				SDKROOT = iphoneos;
				SWIFT_COMPILATION_MODE = wholemodule;
				SWIFT_OPTIMIZATION_LEVEL = "-O";
			};
			name = Release;
		};
		DEDEDEDEDEDEDEDEDEDEDEDE /* Debug */ = {
			isa = XCBuildConfiguration;
			buildSettings = {
				ALWAYS_EMBED_SWIFT_STANDARD_LIBRARIES = YES;
				ASSETCATALOG_COMPILER_GENERATE_SWIFT_ASSET_SYMBOL_EXTENSIONS = YES;
				ASSETCATALOG_COMPILER_APPICON_NAME = AppIcon;
				CLANG_ENABLE_MODULES = YES;
				CODE_SIGN_STYLE = Automatic;
				CURRENT_PROJECT_VERSION = 1;
				DEVELOPMENT_TEAM = "";
				ENABLE_PREVIEWS = YES;
				GENERATE_INFOPLIST_FILE = YES;
				INFOPLIST_KEY_CFBundleDisplayName = Ghar;
				INFOPLIST_KEY_LSApplicationCategoryType = "public.app-category.education";
				INFOPLIST_KEY_UIApplicationSceneManifest_Generation = YES;
				INFOPLIST_KEY_UIApplicationSupportsIndirectInputEvents = YES;
				INFOPLIST_KEY_UILaunchScreen_Generation = YES;
				IPHONEOS_DEPLOYMENT_TARGET = 17.0;
				LD_RUNPATH_SEARCH_PATHS = (
					"$(inherited)",
					"@executable_path/Frameworks",
				);
				MARKETING_VERSION = 1.0;
				PRODUCT_BUNDLE_IDENTIFIER = com.sompyakurel.Ghar;
				PRODUCT_NAME = "$(TARGET_NAME)";
				SWIFT_EMIT_LOC_STRINGS = YES;
				SWIFT_VERSION = 5.0;
				TARGETED_DEVICE_FAMILY = "1,2";
			};
			name = Debug;
		};
		F0F0F0F0F0F0F0F0F0F0F0F0 /* Release */ = {
			isa = XCBuildConfiguration;
			buildSettings = {
				ALWAYS_EMBED_SWIFT_STANDARD_LIBRARIES = YES;
				ASSETCATALOG_COMPILER_GENERATE_SWIFT_ASSET_SYMBOL_EXTENSIONS = YES;
				ASSETCATALOG_COMPILER_APPICON_NAME = AppIcon;
				CLANG_ENABLE_MODULES = YES;
				CODE_SIGN_STYLE = Automatic;
				CURRENT_PROJECT_VERSION = 1;
				DEVELOPMENT_TEAM = "";
				ENABLE_PREVIEWS = YES;
				GENERATE_INFOPLIST_FILE = YES;
				INFOPLIST_KEY_CFBundleDisplayName = Ghar;
				INFOPLIST_KEY_LSApplicationCategoryType = "public.app-category.education";
				INFOPLIST_KEY_UIApplicationSceneManifest_Generation = YES;
				INFOPLIST_KEY_UIApplicationSupportsIndirectInputEvents = YES;
				INFOPLIST_KEY_UILaunchScreen_Generation = YES;
				IPHONEOS_DEPLOYMENT_TARGET = 17.0;
				LD_RUNPATH_SEARCH_PATHS = (
					"$(inherited)",
					"@executable_path/Frameworks",
				);
				MARKETING_VERSION = 1.0;
				PRODUCT_BUNDLE_IDENTIFIER = com.sompyakurel.Ghar;
				PRODUCT_NAME = "$(TARGET_NAME)";
				SWIFT_EMIT_LOC_STRINGS = YES;
				SWIFT_VERSION = 5.0;
				TARGETED_DEVICE_FAMILY = "1,2";
			};
			name = Release;
		};
/* End XCBuildConfiguration section */

/* Begin XCConfigurationList section */
		565656565656565656565656 /* Build configuration list for PBXProject "Ghar" */ = {
			isa = XCConfigurationList;
			buildConfigurations = (
				9A9A9A9A9A9A9A9A9A9A9A9A /* Debug */,
				BCBCBCBCBCBCBCBCBCBCBCBC /* Release */,
			);
			defaultConfigurationIsVisible = 0;
			defaultConfigurationName = Release;
		};
		787878787878787878787878 /* Build configuration list for PBXNativeTarget "Ghar" */ = {
				isa = XCConfigurationList;
				buildConfigurations = (
					DEDEDEDEDEDEDEDEDEDEDEDE /* Debug */,
					F0F0F0F0F0F0F0F0F0F0F0F0 /* Release */,
				);
				defaultConfigurationIsVisible = 0;
				defaultConfigurationName = Release;
			};
/* End XCConfigurationList section */
	};
	rootObject = 111111111111111111111111 /* Project object */;
}
